speakeasyVersion: 1.761.5
sources:
    Seqera API:
        sourceNamespace: seqera-api
        sourceRevisionDigest: sha256:25a7c294ac7c59a60f88e5189174974a11773b55857063c24c8a1073c2e6cd42
        sourceBlobDigest: sha256:8c2d136660657d8c6be29083c8e6c81577833efe2e284baad9ae94cd7db4c542
        tags:
            - latest
            - 1.119.0
targets:
    seqera:
        source: Seqera API
        sourceNamespace: seqera-api
        sourceRevisionDigest: sha256:25a7c294ac7c59a60f88e5189174974a11773b55857063c24c8a1073c2e6cd42
        sourceBlobDigest: sha256:8c2d136660657d8c6be29083c8e6c81577833efe2e284baad9ae94cd7db4c542
workflow:
    workflowVersion: 1.0.0
    speakeasyVersion: latest
    sources:
        Seqera API:
            inputs:
                - location: specs/seqera-api-cloud.yaml
            overlays:
                - location: overlays/nullable-fixes.yaml
                - location: overlays/actions.yaml
                - location: overlays/api-description.yaml
                - location: overlays/aws-compute-env.yaml
                - location: overlays/compute-env-aws-batch.yaml
                - location: overlays/compute-env-seqera-compute.yaml
                - location: overlays/compute-env.yaml
                - location: overlays/credentials-aws.yaml
                - location: overlays/credentials-azure.yaml
                - location: overlays/credentials-bitbucket.yaml
                - location: overlays/credentials-codecommit.yaml
                - location: overlays/credentials-container-registry.yaml
                - location: overlays/credentials-gcp.yaml
                - location: overlays/credentials-gitea.yaml
                - location: overlays/credentials-github.yaml
                - location: overlays/credentials-gitlab.yaml
                - location: overlays/credentials-kubernetes.yaml
                - location: overlays/credentials-ssh.yaml
                - location: overlays/credentials-tower-agent.yaml
                - location: overlays/credentials.yaml
                - location: overlays/datalinks.yaml
                - location: overlays/datasets.yaml
                - location: overlays/datasource-credentials.yaml
                - location: overlays/datasource-datalinks.yaml
                - location: overlays/labels.yaml
                - location: overlays/orgs.yaml
                - location: overlays/pipeline-secrets.yaml
                - location: overlays/pipelines.yaml
                - location: overlays/primary-compute-env.yaml
                - location: overlays/required.yaml
                - location: overlays/schema-fixes.yaml
                - location: overlays/speakeasy.yaml
                - location: overlays/studios.yaml
                - location: overlays/teams.yaml
                - location: overlays/tokens.yaml
                - location: overlays/users.yaml
                - location: overlays/workflows.yaml
                - location: overlays/workspaces.yaml
            output: .speakeasy/out.openapi.yaml
            registry:
                location: registry.speakeasyapi.dev/seqera/seqera/seqera-api
    targets:
        seqera:
            target: terraform
            source: Seqera API
