speakeasyVersion: 1.761.8
sources:
    Seqera API:
        sourceNamespace: seqera-api
        sourceRevisionDigest: sha256:d97370c08026b84a2a20f96899ac2ea969b9338357a467cc3089cc8fd9bc351f
        sourceBlobDigest: sha256:1f44bfb4c4d12d05fd1424c5bbe261dd160e675c7bad276362c15b8f8934599b
        tags:
            - latest
            - 1.144.0
targets:
    seqera:
        source: Seqera API
        sourceNamespace: seqera-api
        sourceRevisionDigest: sha256:d97370c08026b84a2a20f96899ac2ea969b9338357a467cc3089cc8fd9bc351f
        sourceBlobDigest: sha256:1f44bfb4c4d12d05fd1424c5bbe261dd160e675c7bad276362c15b8f8934599b
workflow:
    workflowVersion: 1.0.0
    speakeasyVersion: latest
    sources:
        Seqera API:
            inputs:
                - location: specs/seqera-api-cloud.yaml
            overlays:
                - location: overlays/nullable-fixes.yaml
                - location: overlays/actions.yaml
                - location: overlays/api-description.yaml
                - location: overlays/aws-compute-env.yaml
                - location: overlays/compute-env-aws-batch.yaml
                - location: overlays/compute-env-seqera-compute.yaml
                - location: overlays/compute-env.yaml
                - location: overlays/credentials-aws.yaml
                - location: overlays/credentials-azure.yaml
                - location: overlays/credentials-bitbucket.yaml
                - location: overlays/credentials-codecommit.yaml
                - location: overlays/credentials-container-registry.yaml
                - location: overlays/credentials-gcp.yaml
                - location: overlays/credentials-gitea.yaml
                - location: overlays/credentials-github.yaml
                - location: overlays/credentials-gitlab.yaml
                - location: overlays/credentials-kubernetes.yaml
                - location: overlays/credentials-ssh.yaml
                - location: overlays/credentials-tower-agent.yaml
                - location: overlays/credentials.yaml
                - location: overlays/datalinks.yaml
                - location: overlays/datasets.yaml
                - location: overlays/datasource-credentials.yaml
                - location: overlays/datasource-datalinks.yaml
                - location: overlays/labels.yaml
                - location: overlays/orgs.yaml
                - location: overlays/pipeline-secrets.yaml
                - location: overlays/pipelines.yaml
                - location: overlays/primary-compute-env.yaml
                - location: overlays/required.yaml
                - location: overlays/schema-fixes.yaml
                - location: overlays/speakeasy.yaml
                - location: overlays/studios.yaml
                - location: overlays/teams.yaml
                - location: overlays/tokens.yaml
                - location: overlays/users.yaml
                - location: overlays/workflows.yaml
                - location: overlays/workspaces.yaml
            output: .speakeasy/out.openapi.yaml
            registry:
                location: registry.speakeasyapi.dev/seqera/seqera/seqera-api
    targets:
        seqera:
            target: terraform
            source: Seqera API
